// !$*UTF8*$!
{
	archiveVersion = 1;
	classes = {
	};
	objectVersion = 46;
	objects = {

/* Begin PBXBuildFile section */
		DE6779511DC5123A003AF547 /* AppDelegate.swift in Sources */ = {isa = PBXBuildFile; fileRef = DE6779501DC5123A003AF547 /* AppDelegate.swift */; };
		DE6779531DC5123A003AF547 /* ViewController.swift in Sources */ = {isa = PBXBuildFile; fileRef = DE6779521DC5123A003AF547 /* ViewController.swift */; };
		DE6779561DC5123A003AF547 /* Main.storyboard in Resources */ = {isa = PBXBuildFile; fileRef = DE6779541DC5123A003AF547 /* Main.storyboard */; };
		DE6779581DC5123A003AF547 /* Assets.xcassets in Resources */ = {isa = PBXBuildFile; fileRef = DE6779571DC5123A003AF547 /* Assets.xcassets */; };
		DE6779661DC5123B003AF547 /* HomeSecurityMonitorTests.swift in Sources */ = {isa = PBXBuildFile; fileRef = DE6779651DC5123B003AF547 /* HomeSecurityMonitorTests.swift */; };
		DE6779711DC5123B003AF547 /* HomeSecurityMonitorUITests.swift in Sources */ = {isa = PBXBuildFile; fileRef = DE6779701DC5123B003AF547 /* HomeSecurityMonitorUITests.swift */; };
		DE6779821DC51CA5003AF547 /* ViewControllerMonitor.swift in Sources */ = {isa = PBXBuildFile; fileRef = DE6779801DC51CA5003AF547 /* ViewControllerMonitor.swift */; };
		DE67798E1DC51D46003AF547 /* ViewControllerAlarm.swift in Sources */ = {isa = PBXBuildFile; fileRef = DE67798C1DC51D46003AF547 /* ViewControllerAlarm.swift */; };
		DE6779941DC51DCE003AF547 /* ViewControllerChat.swift in Sources */ = {isa = PBXBuildFile; fileRef = DE6779921DC51DCE003AF547 /* ViewControllerChat.swift */; };
		E3D595EB1DC56B97006E238D /* LaunchScreen.storyboard in Resources */ = {isa = PBXBuildFile; fileRef = E3D595EA1DC56B97006E238D /* LaunchScreen.storyboard */; };
/* End PBXBuildFile section */

/* Begin PBXContainerItemProxy section */
		DE6779621DC5123B003AF547 /* PBXContainerItemProxy */ = {
			isa = PBXContainerItemProxy;
			containerPortal = DE6779451DC5123A003AF547 /* Project object */;
			proxyType = 1;
			remoteGlobalIDString = DE67794C1DC5123A003AF547;
			remoteInfo = HomeSecurityMonitor;
		};
		DE67796D1DC5123B003AF547 /* PBXContainerItemProxy */ = {
			isa = PBXContainerItemProxy;
			containerPortal = DE6779451DC5123A003AF547 /* Project object */;
			proxyType = 1;
			remoteGlobalIDString = DE67794C1DC5123A003AF547;
			remoteInfo = HomeSecurityMonitor;
		};
/* End PBXContainerItemProxy section */

/* Begin PBXFileReference section */
		DE67794D1DC5123A003AF547 /* HomeSecurityMonitor.app */ = {isa = PBXFileReference; explicitFileType = wrapper.application; includeInIndex = 0; path = HomeSecurityMonitor.app; sourceTree = BUILT_PRODUCTS_DIR; };
		DE6779501DC5123A003AF547 /* AppDelegate.swift */ = {isa = PBXFileReference; lastKnownFileType = sourcecode.swift; path = AppDelegate.swift; sourceTree = "<group>"; };
		DE6779521DC5123A003AF547 /* ViewController.swift */ = {isa = PBXFileReference; lastKnownFileType = sourcecode.swift; path = ViewController.swift; sourceTree = "<group>"; };
		DE6779551DC5123A003AF547 /* Base */ = {isa = PBXFileReference; lastKnownFileType = file.storyboard; name = Base; path = Base.lproj/Main.storyboard; sourceTree = "<group>"; };
		DE6779571DC5123A003AF547 /* Assets.xcassets */ = {isa = PBXFileReference; lastKnownFileType = folder.assetcatalog; path = Assets.xcassets; sourceTree = "<group>"; };
		DE67795C1DC5123A003AF547 /* Info.plist */ = {isa = PBXFileReference; lastKnownFileType = text.plist.xml; path = Info.plist; sourceTree = "<group>"; };
		DE6779611DC5123B003AF547 /* HomeSecurityMonitorTests.xctest */ = {isa = PBXFileReference; explicitFileType = wrapper.cfbundle; includeInIndex = 0; path = HomeSecurityMonitorTests.xctest; sourceTree = BUILT_PRODUCTS_DIR; };
		DE6779651DC5123B003AF547 /* HomeSecurityMonitorTests.swift */ = {isa = PBXFileReference; lastKnownFileType = sourcecode.swift; path = HomeSecurityMonitorTests.swift; sourceTree = "<group>"; };
		DE6779671DC5123B003AF547 /* Info.plist */ = {isa = PBXFileReference; lastKnownFileType = text.plist.xml; path = Info.plist; sourceTree = "<group>"; };
		DE67796C1DC5123B003AF547 /* HomeSecurityMonitorUITests.xctest */ = {isa = PBXFileReference; explicitFileType = wrapper.cfbundle; includeInIndex = 0; path = HomeSecurityMonitorUITests.xctest; sourceTree = BUILT_PRODUCTS_DIR; };
		DE6779701DC5123B003AF547 /* HomeSecurityMonitorUITests.swift */ = {isa = PBXFileReference; lastKnownFileType = sourcecode.swift; path = HomeSecurityMonitorUITests.swift; sourceTree = "<group>"; };
		DE6779721DC5123B003AF547 /* Info.plist */ = {isa = PBXFileReference; lastKnownFileType = text.plist.xml; path = Info.plist; sourceTree = "<group>"; };
		DE6779801DC51CA5003AF547 /* ViewControllerMonitor.swift */ = {isa = PBXFileReference; fileEncoding = 4; lastKnownFileType = sourcecode.swift; path = ViewControllerMonitor.swift; sourceTree = "<group>"; };
		DE67798C1DC51D46003AF547 /* ViewControllerAlarm.swift */ = {isa = PBXFileReference; fileEncoding = 4; lastKnownFileType = sourcecode.swift; path = ViewControllerAlarm.swift; sourceTree = "<group>"; };
		DE6779921DC51DCE003AF547 /* ViewControllerChat.swift */ = {isa = PBXFileReference; fileEncoding = 4; lastKnownFileType = sourcecode.swift; name = ViewControllerChat.swift; path = ../ViewControllerChat.swift; sourceTree = "<group>"; };
		E3D595EA1DC56B97006E238D /* LaunchScreen.storyboard */ = {isa = PBXFileReference; fileEncoding = 4; lastKnownFileType = file.storyboard; path = LaunchScreen.storyboard; sourceTree = "<group>"; };
/* End PBXFileReference section */

/* Begin PBXFrameworksBuildPhase section */
		DE67794A1DC5123A003AF547 /* Frameworks */ = {
			isa = PBXFrameworksBuildPhase;
			buildActionMask = 2147483647;
			files = (
			);
			runOnlyForDeploymentPostprocessing = 0;
		};
		DE67795E1DC5123B003AF547 /* Frameworks */ = {
			isa = PBXFrameworksBuildPhase;
			buildActionMask = 2147483647;
			files = (
			);
			runOnlyForDeploymentPostprocessing = 0;
		};
		DE6779691DC5123B003AF547 /* Frameworks */ = {
			isa = PBXFrameworksBuildPhase;
			buildActionMask = 2147483647;
			files = (
			);
			runOnlyForDeploymentPostprocessing = 0;
		};
/* End PBXFrameworksBuildPhase section */

/* Begin PBXGroup section */
		DE6779441DC5123A003AF547 = {
			isa = PBXGroup;
			children = (
				DE67794F1DC5123A003AF547 /* HomeSecurityMonitor */,
				DE6779641DC5123B003AF547 /* HomeSecurityMonitorTests */,
				DE67796F1DC5123B003AF547 /* HomeSecurityMonitorUITests */,
				DE67794E1DC5123A003AF547 /* Products */,
			);
			sourceTree = "<group>";
		};
		DE67794E1DC5123A003AF547 /* Products */ = {
			isa = PBXGroup;
			children = (
				DE67794D1DC5123A003AF547 /* HomeSecurityMonitor.app */,
				DE6779611DC5123B003AF547 /* HomeSecurityMonitorTests.xctest */,
				DE67796C1DC5123B003AF547 /* HomeSecurityMonitorUITests.xctest */,
			);
			name = Products;
			sourceTree = "<group>";
		};
		DE67794F1DC5123A003AF547 /* HomeSecurityMonitor */ = {
			isa = PBXGroup;
			children = (
				DE6779501DC5123A003AF547 /* AppDelegate.swift */,
				DE6779521DC5123A003AF547 /* ViewController.swift */,
				DE6779801DC51CA5003AF547 /* ViewControllerMonitor.swift */,
				DE6779921DC51DCE003AF547 /* ViewControllerChat.swift */,
				DE67798C1DC51D46003AF547 /* ViewControllerAlarm.swift */,
				DE6779541DC5123A003AF547 /* Main.storyboard */,
				E3D595EA1DC56B97006E238D /* LaunchScreen.storyboard */,
				DE6779571DC5123A003AF547 /* Assets.xcassets */,
				DE67795C1DC5123A003AF547 /* Info.plist */,
			);
			path = HomeSecurityMonitor;
			sourceTree = "<group>";
		};
		DE6779641DC5123B003AF547 /* HomeSecurityMonitorTests */ = {
			isa = PBXGroup;
			children = (
				DE6779651DC5123B003AF547 /* HomeSecurityMonitorTests.swift */,
				DE6779671DC5123B003AF547 /* Info.plist */,
			);
			path = HomeSecurityMonitorTests;
			sourceTree = "<group>";
		};
		DE67796F1DC5123B003AF547 /* HomeSecurityMonitorUITests */ = {
			isa = PBXGroup;
			children = (
				DE6779701DC5123B003AF547 /* HomeSecurityMonitorUITests.swift */,
				DE6779721DC5123B003AF547 /* Info.plist */,
			);
			path = HomeSecurityMonitorUITests;
			sourceTree = "<group>";
		};
/* End PBXGroup section */

/* Begin PBXNativeTarget section */
		DE67794C1DC5123A003AF547 /* HomeSecurityMonitor */ = {
			isa = PBXNativeTarget;
			buildConfigurationList = DE6779751DC5123B003AF547 /* Build configuration list for PBXNativeTarget "HomeSecurityMonitor" */;
			buildPhases = (
				DE6779491DC5123A003AF547 /* Sources */,
				DE67794A1DC5123A003AF547 /* Frameworks */,
				DE67794B1DC5123A003AF547 /* Resources */,
			);
			buildRules = (
			);
			dependencies = (
			);
			name = HomeSecurityMonitor;
			productName = HomeSecurityMonitor;
			productReference = DE67794D1DC5123A003AF547 /* HomeSecurityMonitor.app */;
			productType = "com.apple.product-type.application";
		};
		DE6779601DC5123B003AF547 /* HomeSecurityMonitorTests */ = {
			isa = PBXNativeTarget;
			buildConfigurationList = DE6779781DC5123B003AF547 /* Build configuration list for PBXNativeTarget "HomeSecurityMonitorTests" */;
			buildPhases = (
				DE67795D1DC5123B003AF547 /* Sources */,
				DE67795E1DC5123B003AF547 /* Frameworks */,
				DE67795F1DC5123B003AF547 /* Resources */,
			);
			buildRules = (
			);
			dependencies = (
				DE6779631DC5123B003AF547 /* PBXTargetDependency */,
			);
			name = HomeSecurityMonitorTests;
			productName = HomeSecurityMonitorTests;
			productReference = DE6779611DC5123B003AF547 /* HomeSecurityMonitorTests.xctest */;
			productType = "com.apple.product-type.bundle.unit-test";
		};
		DE67796B1DC5123B003AF547 /* HomeSecurityMonitorUITests */ = {
			isa = PBXNativeTarget;
			buildConfigurationList = DE67797B1DC5123B003AF547 /* Build configuration list for PBXNativeTarget "HomeSecurityMonitorUITests" */;
			buildPhases = (
				DE6779681DC5123B003AF547 /* Sources */,
				DE6779691DC5123B003AF547 /* Frameworks */,
				DE67796A1DC5123B003AF547 /* Resources */,
			);
			buildRules = (
			);
			dependencies = (
				DE67796E1DC5123B003AF547 /* PBXTargetDependency */,
			);
			name = HomeSecurityMonitorUITests;
			productName = HomeSecurityMonitorUITests;
			productReference = DE67796C1DC5123B003AF547 /* HomeSecurityMonitorUITests.xctest */;
			productType = "com.apple.product-type.bundle.ui-testing";
		};
/* End PBXNativeTarget section */

/* Begin PBXProject section */
		DE6779451DC5123A003AF547 /* Project object */ = {
			isa = PBXProject;
			attributes = {
				LastSwiftUpdateCheck = 0800;
				LastUpgradeCheck = 0800;
				ORGANIZATIONNAME = "Juan Cardona";
				TargetAttributes = {
					DE67794C1DC5123A003AF547 = {
						CreatedOnToolsVersion = 8.0;
						DevelopmentTeam = 2WHMQ7BYG2;
						ProvisioningStyle = Automatic;
					};
					DE6779601DC5123B003AF547 = {
						CreatedOnToolsVersion = 8.0;
						ProvisioningStyle = Automatic;
						TestTargetID = DE67794C1DC5123A003AF547;
					};
					DE67796B1DC5123B003AF547 = {
						CreatedOnToolsVersion = 8.0;
						ProvisioningStyle = Automatic;
						TestTargetID = DE67794C1DC5123A003AF547;
					};
				};
			};
			buildConfigurationList = DE6779481DC5123A003AF547 /* Build configuration list for PBXProject "HomeSecurityMonitor" */;
			compatibilityVersion = "Xcode 3.2";
			developmentRegion = English;
			hasScannedForEncodings = 0;
			knownRegions = (
				en,
				Base,
			);
			mainGroup = DE6779441DC5123A003AF547;
			productRefGroup = DE67794E1DC5123A003AF547 /* Products */;
			projectDirPath = "";
			projectRoot = "";
			targets = (
				DE67794C1DC5123A003AF547 /* HomeSecurityMonitor */,
				DE6779601DC5123B003AF547 /* HomeSecurityMonitorTests */,
				DE67796B1DC5123B003AF547 /* HomeSecurityMonitorUITests */,
			);
		};
/* End PBXProject section */

/* Begin PBXResourcesBuildPhase section */
		DE67794B1DC5123A003AF547 /* Resources */ = {
			isa = PBXResourcesBuildPhase;
			buildActionMask = 2147483647;
			files = (
				E3D595EB1DC56B97006E238D /* LaunchScreen.storyboard in Resources */,
				DE6779581DC5123A003AF547 /* Assets.xcassets in Resources */,
				DE6779561DC5123A003AF547 /* Main.storyboard in Resources */,
			);
			runOnlyForDeploymentPostprocessing = 0;
		};
		DE67795F1DC5123B003AF547 /* Resources */ = {
			isa = PBXResourcesBuildPhase;
			buildActionMask = 2147483647;
			files = (
			);
			runOnlyForDeploymentPostprocessing = 0;
		};
		DE67796A1DC5123B003AF547 /* Resources */ = {
			isa = PBXResourcesBuildPhase;
			buildActionMask = 2147483647;
			files = (
			);
			runOnlyForDeploymentPostprocessing = 0;
		};
/* End PBXResourcesBuildPhase section */

/* Begin PBXSourcesBuildPhase section */
		DE6779491DC5123A003AF547 /* Sources */ = {
			isa = PBXSourcesBuildPhase;
			buildActionMask = 2147483647;
			files = (
				DE6779531DC5123A003AF547 /* ViewController.swift in Sources */,
				DE6779941DC51DCE003AF547 /* ViewControllerChat.swift in Sources */,
				DE6779821DC51CA5003AF547 /* ViewControllerMonitor.swift in Sources */,
				DE67798E1DC51D46003AF547 /* ViewControllerAlarm.swift in Sources */,
				DE6779511DC5123A003AF547 /* AppDelegate.swift in Sources */,
			);
			runOnlyForDeploymentPostprocessing = 0;
		};
		DE67795D1DC5123B003AF547 /* Sources */ = {
			isa = PBXSourcesBuildPhase;
			buildActionMask = 2147483647;
			files = (
				DE6779661DC5123B003AF547 /* HomeSecurityMonitorTests.swift in Sources */,
			);
			runOnlyForDeploymentPostprocessing = 0;
		};
		DE6779681DC5123B003AF547 /* Sources */ = {
			isa = PBXSourcesBuildPhase;
			buildActionMask = 2147483647;
			files = (
				DE6779711DC5123B003AF547 /* HomeSecurityMonitorUITests.swift in Sources */,
			);
			runOnlyForDeploymentPostprocessing = 0;
		};
/* End PBXSourcesBuildPhase section */

/* Begin PBXTargetDependency section */
		DE6779631DC5123B003AF547 /* PBXTargetDependency */ = {
			isa = PBXTargetDependency;
			target = DE67794C1DC5123A003AF547 /* HomeSecurityMonitor */;
			targetProxy = DE6779621DC5123B003AF547 /* PBXContainerItemProxy */;
		};
		DE67796E1DC5123B003AF547 /* PBXTargetDependency */ = {
			isa = PBXTargetDependency;
			target = DE67794C1DC5123A003AF547 /* HomeSecurityMonitor */;
			targetProxy = DE67796D1DC5123B003AF547 /* PBXContainerItemProxy */;
		};
/* End PBXTargetDependency section */

/* Begin PBXVariantGroup section */
		DE6779541DC5123A003AF547 /* Main.storyboard */ = {
			isa = PBXVariantGroup;
			children = (
				DE6779551DC5123A003AF547 /* Base */,
			);
			name = Main.storyboard;
			sourceTree = "<group>";
		};
/* End PBXVariantGroup section */

/* Begin XCBuildConfiguration section */
		DE6779731DC5123B003AF547 /* Debug */ = {
			isa = XCBuildConfiguration;
			buildSettings = {
				ALWAYS_SEARCH_USER_PATHS = NO;
				CLANG_ANALYZER_NONNULL = YES;
				CLANG_CXX_LANGUAGE_STANDARD = "gnu++0x";
				CLANG_CXX_LIBRARY = "libc++";
				CLANG_ENABLE_MODULES = YES;
				CLANG_ENABLE_OBJC_ARC = YES;
				CLANG_WARN_BOOL_CONVERSION = YES;
				CLANG_WARN_CONSTANT_CONVERSION = YES;
				CLANG_WARN_DIRECT_OBJC_ISA_USAGE = YES_ERROR;
				CLANG_WARN_DOCUMENTATION_COMMENTS = YES;
				CLANG_WARN_EMPTY_BODY = YES;
				CLANG_WARN_ENUM_CONVERSION = YES;
				CLANG_WARN_INFINITE_RECURSION = YES;
				CLANG_WARN_INT_CONVERSION = YES;
				CLANG_WARN_OBJC_ROOT_CLASS = YES_ERROR;
				CLANG_WARN_SUSPICIOUS_MOVES = YES;
				CLANG_WARN_UNREACHABLE_CODE = YES;
				CLANG_WARN__DUPLICATE_METHOD_MATCH = YES;
				"CODE_SIGN_IDENTITY[sdk=iphoneos*]" = "iPhone Developer";
				COPY_PHASE_STRIP = NO;
				DEBUG_INFORMATION_FORMAT = dwarf;
				ENABLE_STRICT_OBJC_MSGSEND = YES;
				ENABLE_TESTABILITY = YES;
				GCC_C_LANGUAGE_STANDARD = gnu99;
				GCC_DYNAMIC_NO_PIC = NO;
				GCC_NO_COMMON_BLOCKS = YES;
				GCC_OPTIMIZATION_LEVEL = 0;
				GCC_PREPROCESSOR_DEFINITIONS = (
					"DEBUG=1",
					"$(inherited)",
				);
				GCC_WARN_64_TO_32_BIT_CONVERSION = YES;
				GCC_WARN_ABOUT_RETURN_TYPE = YES_ERROR;
				GCC_WARN_UNDECLARED_SELECTOR = YES;
				GCC_WARN_UNINITIALIZED_AUTOS = YES_AGGRESSIVE;
				GCC_WARN_UNUSED_FUNCTION = YES;
				GCC_WARN_UNUSED_VARIABLE = YES;
				IPHONEOS_DEPLOYMENT_TARGET = 10.0;
				MTL_ENABLE_DEBUG_INFO = YES;
				ONLY_ACTIVE_ARCH = YES;
				SDKROOT = iphoneos;
				SWIFT_ACTIVE_COMPILATION_CONDITIONS = DEBUG;
				SWIFT_OPTIMIZATION_LEVEL = "-Onone";
				TARGETED_DEVICE_FAMILY = "1,2";
			};
			name = Debug;
		};
		DE6779741DC5123B003AF547 /* Release */ = {
			isa = XCBuildConfiguration;
			buildSettings = {
				ALWAYS_SEARCH_USER_PATHS = NO;
				CLANG_ANALYZER_NONNULL = YES;
				CLANG_CXX_LANGUAGE_STANDARD = "gnu++0x";
				CLANG_CXX_LIBRARY = "libc++";
				CLANG_ENABLE_MODULES = YES;
				CLANG_ENABLE_OBJC_ARC = YES;
				CLANG_WARN_BOOL_CONVERSION = YES;
				CLANG_WARN_CONSTANT_CONVERSION = YES;
				CLANG_WARN_DIRECT_OBJC_ISA_USAGE = YES_ERROR;
				CLANG_WARN_DOCUMENTATION_COMMENTS = YES;
				CLANG_WARN_EMPTY_BODY = YES;
				CLANG_WARN_ENUM_CONVERSION = YES;
				CLANG_WARN_INFINITE_RECURSION = YES;
				CLANG_WARN_INT_CONVERSION = YES;
				CLANG_WARN_OBJC_ROOT_CLASS = YES_ERROR;
				CLANG_WARN_SUSPICIOUS_MOVES = YES;
				CLANG_WARN_UNREACHABLE_CODE = YES;
				CLANG_WARN__DUPLICATE_METHOD_MATCH = YES;
				"CODE_SIGN_IDENTITY[sdk=iphoneos*]" = "iPhone Developer";
				COPY_PHASE_STRIP = NO;
				DEBUG_INFORMATION_FORMAT = "dwarf-with-dsym";
				ENABLE_NS_ASSERTIONS = NO;
				ENABLE_STRICT_OBJC_MSGSEND = YES;
				GCC_C_LANGUAGE_STANDARD = gnu99;
				GCC_NO_COMMON_BLOCKS = YES;
				GCC_WARN_64_TO_32_BIT_CONVERSION = YES;
				GCC_WARN_ABOUT_RETURN_TYPE = YES_ERROR;
				GCC_WARN_UNDECLARED_SELECTOR = YES;
				GCC_WARN_UNINITIALIZED_AUTOS = YES_AGGRESSIVE;
				GCC_WARN_UNUSED_FUNCTION = YES;
				GCC_WARN_UNUSED_VARIABLE = YES;
				IPHONEOS_DEPLOYMENT_TARGET = 10.0;
				MTL_ENABLE_DEBUG_INFO = NO;
				SDKROOT = iphoneos;
				SWIFT_OPTIMIZATION_LEVEL = "-Owholemodule";
				TARGETED_DEVICE_FAMILY = "1,2";
				VALIDATE_PRODUCT = YES;
			};
			name = Release;
		};
		DE6779761DC5123B003AF547 /* Debug */ = {
			isa = XCBuildConfiguration;
			buildSettings = {
				ASSETCATALOG_COMPILER_APPICON_NAME = AppIcon;
				DEVELOPMENT_TEAM = 2WHMQ7BYG2;
				INFOPLIST_FILE = HomeSecurityMonitor/Info.plist;
				LD_RUNPATH_SEARCH_PATHS = "$(inherited) @executable_path/Frameworks";
				PRODUCT_BUNDLE_IDENTIFIER = com.HomeSecurity.HomeSecurityMonitor;
				PRODUCT_NAME = "$(TARGET_NAME)";
				SWIFT_VERSION = 3.0;
			};
			name = Debug;
		};
		DE6779771DC5123B003AF547 /* Release */ = {
			isa = XCBuildConfiguration;
			buildSettings = {
				ASSETCATALOG_COMPILER_APPICON_NAME = AppIcon;
				DEVELOPMENT_TEAM = 2WHMQ7BYG2;
				INFOPLIST_FILE = HomeSecurityMonitor/Info.plist;
				LD_RUNPATH_SEARCH_PATHS = "$(inherited) @executable_path/Frameworks";
				PRODUCT_BUNDLE_IDENTIFIER = com.HomeSecurity.HomeSecurityMonitor;
				PRODUCT_NAME = "$(TARGET_NAME)";
				SWIFT_VERSION = 3.0;
			};
			name = Release;
		};
		DE6779791DC5123B003AF547 /* Debug */ = {
			isa = XCBuildConfiguration;
			buildSettings = {
				ALWAYS_EMBED_SWIFT_STANDARD_LIBRARIES = YES;
				BUNDLE_LOADER = "$(TEST_HOST)";
				INFOPLIST_FILE = HomeSecurityMonitorTests/Info.plist;
				LD_RUNPATH_SEARCH_PATHS = "$(inherited) @executable_path/Frameworks @loader_path/Frameworks";
				PRODUCT_BUNDLE_IDENTIFIER = com.HomeSecurity.HomeSecurityMonitorTests;
				PRODUCT_NAME = "$(TARGET_NAME)";
				SWIFT_VERSION = 3.0;
				TEST_HOST = "$(BUILT_PRODUCTS_DIR)/HomeSecurityMonitor.app/HomeSecurityMonitor";
			};
			name = Debug;
		};
		DE67797A1DC5123B003AF547 /* Release */ = {
			isa = XCBuildConfiguration;
			buildSettings = {
				ALWAYS_EMBED_SWIFT_STANDARD_LIBRARIES = YES;
				BUNDLE_LOADER = "$(TEST_HOST)";
				INFOPLIST_FILE = HomeSecurityMonitorTests/Info.plist;
				LD_RUNPATH_SEARCH_PATHS = "$(inherited) @executable_path/Frameworks @loader_path/Frameworks";
				PRODUCT_BUNDLE_IDENTIFIER = com.HomeSecurity.HomeSecurityMonitorTests;
				PRODUCT_NAME = "$(TARGET_NAME)";
				SWIFT_VERSION = 3.0;
				TEST_HOST = "$(BUILT_PRODUCTS_DIR)/HomeSecurityMonitor.app/HomeSecurityMonitor";
			};
			name = Release;
		};
		DE67797C1DC5123B003AF547 /* Debug */ = {
			isa = XCBuildConfiguration;
			buildSettings = {
				ALWAYS_EMBED_SWIFT_STANDARD_LIBRARIES = YES;
				INFOPLIST_FILE = HomeSecurityMonitorUITests/Info.plist;
				LD_RUNPATH_SEARCH_PATHS = "$(inherited) @executable_path/Frameworks @loader_path/Frameworks";
				PRODUCT_BUNDLE_IDENTIFIER = com.HomeSecurity.HomeSecurityMonitorUITests;
				PRODUCT_NAME = "$(TARGET_NAME)";
				SWIFT_VERSION = 3.0;
				TEST_TARGET_NAME = HomeSecurityMonitor;
			};
			name = Debug;
		};
		DE67797D1DC5123B003AF547 /* Release */ = {
			isa = XCBuildConfiguration;
			buildSettings = {
				ALWAYS_EMBED_SWIFT_STANDARD_LIBRARIES = YES;
				INFOPLIST_FILE = HomeSecurityMonitorUITests/Info.plist;
				LD_RUNPATH_SEARCH_PATHS = "$(inherited) @executable_path/Frameworks @loader_path/Frameworks";
				PRODUCT_BUNDLE_IDENTIFIER = com.HomeSecurity.HomeSecurityMonitorUITests;
				PRODUCT_NAME = "$(TARGET_NAME)";
				SWIFT_VERSION = 3.0;
				TEST_TARGET_NAME = HomeSecurityMonitor;
			};
			name = Release;
		};
/* End XCBuildConfiguration section */

/* Begin XCConfigurationList section */
		DE6779481DC5123A003AF547 /* Build configuration list for PBXProject "HomeSecurityMonitor" */ = {
			isa = XCConfigurationList;
			buildConfigurations = (
				DE6779731DC5123B003AF547 /* Debug */,
				DE6779741DC5123B003AF547 /* Release */,
			);
			defaultConfigurationIsVisible = 0;
			defaultConfigurationName = Release;
		};
		DE6779751DC5123B003AF547 /* Build configuration list for PBXNativeTarget "HomeSecurityMonitor" */ = {
			isa = XCConfigurationList;
			buildConfigurations = (
				DE6779761DC5123B003AF547 /* Debug */,
				DE6779771DC5123B003AF547 /* Release */,
			);
			defaultConfigurationIsVisible = 0;
			defaultConfigurationName = Release;
		};
		DE6779781DC5123B003AF547 /* Build configuration list for PBXNativeTarget "HomeSecurityMonitorTests" */ = {
			isa = XCConfigurationList;
			buildConfigurations = (
				DE6779791DC5123B003AF547 /* Debug */,
				DE67797A1DC5123B003AF547 /* Release */,
			);
			defaultConfigurationIsVisible = 0;
			defaultConfigurationName = Release;
		};
		DE67797B1DC5123B003AF547 /* Build configuration list for PBXNativeTarget "HomeSecurityMonitorUITests" */ = {
			isa = XCConfigurationList;
			buildConfigurations = (
				DE67797C1DC5123B003AF547 /* Debug */,
				DE67797D1DC5123B003AF547 /* Release */,
			);
			defaultConfigurationIsVisible = 0;
			defaultConfigurationName = Release;
		};
/* End XCConfigurationList section */
	};
	rootObject = DE6779451DC5123A003AF547 /* Project object */;
}
